
Microsoft Visual Studio Solution File, Format Version 12.00
# Visual Studio Version 17
VisualStudioVersion = 17.9.34728.123
MinimumVisualStudioVersion = 10.0.40219.1
Project("{8BC9CEB8-8B4A-11D0-8D11-00A0C91BC942}") = "CodeChallenge-CardGame", "CodeChallenge-CardGame.vcxproj", "{4F680787-DC91-445E-B622-082E26AC6BD6}"
EndProject
Project("{2150E333-8FDC-42A3-9474-1A3956D46DE8}") = "Solution Items", "Solution Items", "{90AD0EBE-C0B7-49C6-890D-6EF61A32898E}"
	ProjectSection(SolutionItems) = preProject
		highscores.txt = highscores.txt
	EndProjectSection
EndProject
Global
	GlobalSection(SolutionConfigurationPlatforms) = preSolution
		Debug|x64 = Debug|x64
		Debug|x86 = Debug|x86
		Release|x64 = Release|x64
		Release|x86 = Release|x86
	EndGlobalSection
	GlobalSection(ProjectConfigurationPlatforms) = postSolution
		{4F680787-DC91-445E-B622-082E26AC6BD6}.Debug|x64.ActiveCfg = Debug|x64
		{4F680787-DC91-445E-B622-082E26AC6BD6}.Debug|x64.Build.0 = Debug|x64
		{4F680787-DC91-445E-B622-082E26AC6BD6}.Debug|x86.ActiveCfg = Debug|Win32
		{4F680787-DC91-445E-B622-082E26AC6BD6}.Debug|x86.Build.0 = Debug|Win32
		{4F680787-DC91-445E-B622-082E26AC6BD6}.Release|x64.ActiveCfg = Release|x64
		{4F680787-DC91-445E-B622-082E26AC6BD6}.Release|x64.Build.0 = Release|x64
		{4F680787-DC91-445E-B622-082E26AC6BD6}.Release|x86.ActiveCfg = Release|Win32
		{4F680787-DC91-445E-B622-082E26AC6BD6}.Release|x86.Build.0 = Release|Win32
	EndGlobalSection
	GlobalSection(SolutionProperties) = preSolution
		HideSolutionNode = FALSE
	EndGlobalSection
	GlobalSection(ExtensibilityGlobals) = postSolution
		SolutionGuid = {6742A229-A347-411A-9ECC-0D7C5ADA5800}
	EndGlobalSection
EndGlobal
